
Microsoft Visual Studio Solution File, Format Version 12.00
# Visual Studio Version 16
VisualStudioVersion = 16.0.33130.400
MinimumVisualStudioVersion = 10.0.40219.1
Project("{C9674DCB-5085-4A16-B785-4C70DD1589BD}") = "Integration Services Project4", "Integration Services Project4\Integration Services Project4.dtproj", "{E2FD51E9-6AE6-4BE6-8F28-D6372302BDCB}"
EndProject
Global
	GlobalSection(SolutionConfigurationPlatforms) = preSolution
		Development|Default = Development|Default
	EndGlobalSection
	GlobalSection(ProjectConfigurationPlatforms) = postSolution
		{E2FD51E9-6AE6-4BE6-8F28-D6372302BDCB}.Development|Default.ActiveCfg = Development
		{E2FD51E9-6AE6-4BE6-8F28-D6372302BDCB}.Development|Default.Build.0 = Development
	EndGlobalSection
	GlobalSection(SolutionProperties) = preSolution
		HideSolutionNode = FALSE
	EndGlobalSection
	GlobalSection(ExtensibilityGlobals) = postSolution
		SolutionGuid = {A8B8DB25-9A51-4D6A-AEF0-84097477C75C}
	EndGlobalSection
EndGlobal
